{
  "version": "5",
  "specifiers": {
    "npm:@types/node@*": "22.15.15"
  },
  "npm": {
    "@types/node@22.15.15": {
      "integrity": "sha512-R5muMcZob3/Jjchn5LcO8jdKwSCbzqmPB6ruBxMcf9kbxtniZHP327s6C37iOfuw8mbKK3cAQa7sEl7afLrQ8A==",
      "dependencies": [
        "undici-types"
      ]
    },
    "undici-types@6.21.0": {
      "integrity": "sha512-iwDZqg0QAGrg9Rav5H4n0M64c3mkR59cJ6wQp+7C4nI0gsmExaedaYLNO44eT4AtBBwjbTiGPMlt2Md0T9H9JQ=="
    }
  },
  "redirects": {
    "https://deno.land/x/deno_dom/deno-dom-wasm.ts": "https://deno.land/x/deno_dom@v0.1.53/deno-dom-wasm.ts",
    "https://esm.sh/@supabase/node-fetch@^2.6.13?target=denonext": "https://esm.sh/@supabase/node-fetch@2.6.15?target=denonext",
    "https://esm.sh/@supabase/node-fetch@^2.6.14?target=denonext": "https://esm.sh/@supabase/node-fetch@2.6.15?target=denonext",
    "https://esm.sh/@supabase/supabase-js@2": "https://esm.sh/@supabase/supabase-js@2.50.3",
    "https://esm.sh/isows@^1.0.7?target=denonext": "https://esm.sh/isows@1.0.7?target=denonext",
    "https://esm.sh/tr46@~0.0.3?target=denonext": "https://esm.sh/tr46@0.0.3?target=denonext",
    "https://esm.sh/webidl-conversions@^3.0.0?target=denonext": "https://esm.sh/webidl-conversions@3.0.1?target=denonext",
    "https://esm.sh/whatwg-url@^5.0.0?target=denonext": "https://esm.sh/whatwg-url@5.0.0?target=denonext"
  },
  "remote": {
    "https://deno.land/std@0.177.0/async/abortable.ts": "73acfb3ed7261ce0d930dbe89e43db8d34e017b063cf0eaa7d215477bf53442e",
    "https://deno.land/std@0.177.0/async/deadline.ts": "c5facb0b404eede83e38bd2717ea8ab34faa2ffb20ef87fd261fcba32ba307aa",
    "https://deno.land/std@0.177.0/async/debounce.ts": "adab11d04ca38d699444ac8a9d9856b4155e8dda2afd07ce78276c01ea5a4332",
    "https://deno.land/std@0.177.0/async/deferred.ts": "42790112f36a75a57db4a96d33974a936deb7b04d25c6084a9fa8a49f135def8",
    "https://deno.land/std@0.177.0/async/delay.ts": "73aa04cec034c84fc748c7be49bb15cac3dd43a57174bfdb7a4aec22c248f0dd",
    "https://deno.land/std@0.177.0/async/mod.ts": "f04344fa21738e5ad6bea37a6bfffd57c617c2d372bb9f9dcfd118a1b622e576",
    "https://deno.land/std@0.177.0/async/mux_async_iterator.ts": "70c7f2ee4e9466161350473ad61cac0b9f115cff4c552eaa7ef9d50c4cbb4cc9",
    "https://deno.land/std@0.177.0/async/pool.ts": "fd082bd4aaf26445909889435a5c74334c017847842ec035739b4ae637ae8260",
    "https://deno.land/std@0.177.0/async/retry.ts": "5efa3ba450ac0c07a40a82e2df296287b5013755d232049efd7ea2244f15b20f",
    "https://deno.land/std@0.177.0/async/tee.ts": "47e42d35f622650b02234d43803d0383a89eb4387e1b83b5a40106d18ae36757",
    "https://deno.land/std@0.177.0/encoding/base64.ts": "7de04c2f8aeeb41453b09b186480be90f2ff357613b988e99fabb91d2eeceba1",
    "https://deno.land/std@0.177.0/http/server.ts": "cbb17b594651215ba95c01a395700684e569c165a567e4e04bba327f41197433",
    "https://deno.land/x/deno_dom@v0.1.53/build/deno-wasm/deno-wasm.js": "567c1baaf7d3c381cb9c35937403cbaa83bdaa2ae2f4bf59230648c4e3349a0d",
    "https://deno.land/x/deno_dom@v0.1.53/build/deno-wasm/deno-wasm_bg-wasm.js": "989a0f81b2270eb172bcaf48de4a98da2a3a3bbcf5df334e64602bc8712aec2e",
    "https://deno.land/x/deno_dom@v0.1.53/build/deno-wasm/deno-wasm_bg.wasm": "05645f46bbdd0fb2a0f5ff759885f553919af1586c3a93fdd29393a6c2920728",
    "https://deno.land/x/deno_dom@v0.1.53/build/deno-wasm/env.js": "17da784c11b192c591dbf7df21ec6f65f63f45ca9a713e4ca100f3c886b4023f",
    "https://deno.land/x/deno_dom@v0.1.53/build/deno-wasm/wbg.js": "b5b6de12bc010fa23438c8a8276067b9044a405da516d0bbe4ae61b7c6d61a22",
    "https://deno.land/x/deno_dom@v0.1.53/deno-dom-wasm.ts": "4f8ede24992eb4b3426c3930a511d9f33e4db8fe81ca8d1c63ed12f0a76ac3a4",
    "https://deno.land/x/deno_dom@v0.1.53/src/api.ts": "0ff5790f0a3eeecb4e00b7d8fbfa319b165962cf6d0182a65ba90f158d74f7d7",
    "https://deno.land/x/deno_dom@v0.1.53/src/constructor-lock.ts": "0e7b297e8b9cf921a3b0d3a692ec5fb462c5afc47ec554292e20090b9e16b40a",
    "https://deno.land/x/deno_dom@v0.1.53/src/deserialize.ts": "514953418b7ae558ed7361ad9be21013f46cba2f58bd7f4acc90cf1e89f9c8cf",
    "https://deno.land/x/deno_dom@v0.1.53/src/dom/document-fragment.ts": "0b915d094830d43b330dc2fb8012b990f2c815773c6cdcd4a9fdff99fe47412e",
    "https://deno.land/x/deno_dom@v0.1.53/src/dom/document.ts": "ad584ac4ce6dce03f0ff6ef4b7db86fd598f9c7824da1387f7f2acd7d6948e4a",
    "https://deno.land/x/deno_dom@v0.1.53/src/dom/dom-parser.ts": "784ee0e766d4a01e14420f328053fd3a0016c6b40ee442edc3ae80f5d9777927",
    "https://deno.land/x/deno_dom@v0.1.53/src/dom/element.ts": "7d330192fbfd406fb67ab7a3387576fe35fec129b7c52c2ea38615144fa5b12e",
    "https://deno.land/x/deno_dom@v0.1.53/src/dom/elements/html-template-element.ts": "1707dfb4cbb145f3bcb94426d7cdedbaa336620d0afed30e99f50fe87ba24a98",
    "https://deno.land/x/deno_dom@v0.1.53/src/dom/html-collection.ts": "dcf328e883877f7748d3e20fb6319e739f297a6e24f4b00ec5b1a2f390cfa3c6",
    "https://deno.land/x/deno_dom@v0.1.53/src/dom/node-list.ts": "be9793475d82539da8b97a17b6b5538cc723538c10cc5820a23e5e4b2248845d",
    "https://deno.land/x/deno_dom@v0.1.53/src/dom/node.ts": "53ada9e4b2ae21f10f5941ff257ed4585920ae392020544648f349c05d15d30c",
    "https://deno.land/x/deno_dom@v0.1.53/src/dom/selectors/custom-api.ts": "852696bd58e534bc41bd3be9e2250b60b67cd95fd28ed16b1deff1d548531a71",
    "https://deno.land/x/deno_dom@v0.1.53/src/dom/selectors/nwsapi-types.ts": "c43b36c36acc5d32caabaa54fda8c9d239b2b0fcbce9a28efb93c84aa1021698",
    "https://deno.land/x/deno_dom@v0.1.53/src/dom/selectors/nwsapi.js": "985d7d8fc1eabbb88946b47a1c44c1b2d4aa79ff23c21424219f1528fa27a2ff",
    "https://deno.land/x/deno_dom@v0.1.53/src/dom/selectors/selectors.ts": "83eab57be2290fb48e3130533448c93c6c61239f2a2f3b85f1917f80ca0fdc75",
    "https://deno.land/x/deno_dom@v0.1.53/src/dom/selectors/sizzle-types.ts": "78149e2502409989ce861ed636b813b059e16bc267bb543e7c2b26ef43e4798b",
    "https://deno.land/x/deno_dom@v0.1.53/src/dom/selectors/sizzle.js": "c3aed60c1045a106d8e546ac2f85cc82e65f62d9af2f8f515210b9212286682a",
    "https://deno.land/x/deno_dom@v0.1.53/src/dom/string-cache.ts": "8e935804f7bac244cc70cec90a28c9f6d30fea14c61c2c4ea48fca274376d786",
    "https://deno.land/x/deno_dom@v0.1.53/src/dom/utils-types.ts": "96db30e3e4a75b194201bb9fa30988215da7f91b380fca6a5143e51ece2a8436",
    "https://deno.land/x/deno_dom@v0.1.53/src/dom/utils.ts": "bc429635e9204051ba1ecc1b212031b5ee7c6bcd95120c91bef696804aa67e74",
    "https://deno.land/x/deno_dom@v0.1.53/src/parser.ts": "e06b2300d693e6ae7564e53dfa5c9a9e97fdb8c044c39c52c8b93b5d60860be3",
    "https://esm.sh/@supabase/auth-js@2.70.0/denonext/auth-js.mjs": "51f137a91dc64489abf1a500582918ee5042e1e0b64c167f26a3b6d2f807f43c",
    "https://esm.sh/@supabase/functions-js@2.4.5/denonext/functions-js.mjs": "acfcb4db90c292c335a9dbb5664485f5e0b680533d68e6942abb9387ec7e0d0b",
    "https://esm.sh/@supabase/node-fetch@2.6.15/denonext/node-fetch.mjs": "0bae9052231f4f6dbccc7234d05ea96923dbf967be12f402764580b6bf9f713d",
    "https://esm.sh/@supabase/node-fetch@2.6.15?target=denonext": "4d28c4ad97328403184353f68434f2b6973971507919e9150297413664919cf3",
    "https://esm.sh/@supabase/postgrest-js@1.19.4/denonext/postgrest-js.mjs": "2073b5552ba10c7a8302bffffae771e3aede1daf833382355dae239fb0ab2576",
    "https://esm.sh/@supabase/realtime-js@2.11.15/denonext/realtime-js.mjs": "3b7511415165a1b503eae1dfbc10814ef3d0c1c866c97fdec4f6714bfa34a847",
    "https://esm.sh/@supabase/storage-js@2.7.1/denonext/storage-js.mjs": "73ac8cdc95cfcd794fe603dbd7ce06d539ab51538ae6467eabe0f9cc26c993aa",
    "https://esm.sh/@supabase/supabase-js@2.50.3": "4fa1366e23dd8aaadcecafdc272e4eb7d0fb6896a186ab8cf7f62db74b300826",
    "https://esm.sh/@supabase/supabase-js@2.50.3/denonext/supabase-js.mjs": "b333e6ade6dd2092a2685adfda71ea8a64bd0a8e1820a14b7f1d5dcdf8ac9cc7",
    "https://esm.sh/isows@1.0.7/denonext/isows.mjs": "be1812ebbf28737b43588bbcbd89bf43345e3d58d32be13def331d12361045b4",
    "https://esm.sh/isows@1.0.7?target=denonext": "31b7306eada995ba18e29841d688a42bcc0166caf302e1b183b6d2a7c649f262",
    "https://esm.sh/tr46@0.0.3/denonext/tr46.mjs": "5753ec0a99414f4055f0c1f97691100f13d88e48a8443b00aebb90a512785fa2",
    "https://esm.sh/tr46@0.0.3?target=denonext": "19cb9be0f0d418a0c3abb81f2df31f080e9540a04e43b0f699bce1149cba0cbb",
    "https://esm.sh/webidl-conversions@3.0.1/denonext/webidl-conversions.mjs": "54b5c2d50a294853c4ccebf9d5ed8988c94f4e24e463d84ec859a866ea5fafec",
    "https://esm.sh/webidl-conversions@3.0.1?target=denonext": "4e20318d50528084616c79d7b3f6e7f0fe7b6d09013bd01b3974d7448d767e29",
    "https://esm.sh/whatwg-url@5.0.0/denonext/whatwg-url.mjs": "29b16d74ee72624c915745bbd25b617cfd2248c6af0f5120d131e232a9a9af79",
    "https://esm.sh/whatwg-url@5.0.0?target=denonext": "f001a2cadf81312d214ca330033f474e74d81a003e21e8c5d70a1f46dc97b02d"
  }
}
